// !$*UTF8*$!
{
	archiveVersion = 1;
	classes = {
	};
	objectVersion = 48;
	objects = {

/* Begin PBXBuildFile section */
		2CAC52C31FFFF9D2007F9E1F /* AppDelegate.swift in Sources */ = {isa = PBXBuildFile; fileRef = 2CAC52C21FFFF9D2007F9E1F /* AppDelegate.swift */; };
		2CAC52C51FFFF9D2007F9E1F /* ViewController.swift in Sources */ = {isa = PBXBuildFile; fileRef = 2CAC52C41FFFF9D2007F9E1F /* ViewController.swift */; };
		2CAC52C81FFFF9D2007F9E1F /* Main.storyboard in Resources */ = {isa = PBXBuildFile; fileRef = 2CAC52C61FFFF9D2007F9E1F /* Main.storyboard */; };
		2CAC52CA1FFFF9D2007F9E1F /* Assets.xcassets in Resources */ = {isa = PBXBuildFile; fileRef = 2CAC52C91FFFF9D2007F9E1F /* Assets.xcassets */; };
		2CAC52CD1FFFF9D2007F9E1F /* LaunchScreen.storyboard in Resources */ = {isa = PBXBuildFile; fileRef = 2CAC52CB1FFFF9D2007F9E1F /* LaunchScreen.storyboard */; };
		2CAC52D81FFFFD13007F9E1F /* Book.swift in Sources */ = {isa = PBXBuildFile; fileRef = 2CAC52D51FFFFD12007F9E1F /* Book.swift */; };
		2CAC52D91FFFFD13007F9E1F /* BookManager.swift in Sources */ = {isa = PBXBuildFile; fileRef = 2CAC52D61FFFFD12007F9E1F /* BookManager.swift */; };
/* End PBXBuildFile section */

/* Begin PBXFileReference section */
		2CAC52BF1FFFF9D2007F9E1F /* VisualBookManager.app */ = {isa = PBXFileReference; explicitFileType = wrapper.application; includeInIndex = 0; path = VisualBookManager.app; sourceTree = BUILT_PRODUCTS_DIR; };
		2CAC52C21FFFF9D2007F9E1F /* AppDelegate.swift */ = {isa = PBXFileReference; lastKnownFileType = sourcecode.swift; path = AppDelegate.swift; sourceTree = "<group>"; };
		2CAC52C41FFFF9D2007F9E1F /* ViewController.swift */ = {isa = PBXFileReference; lastKnownFileType = sourcecode.swift; path = ViewController.swift; sourceTree = "<group>"; };
		2CAC52C71FFFF9D2007F9E1F /* Base */ = {isa = PBXFileReference; lastKnownFileType = file.storyboard; name = Base; path = Base.lproj/Main.storyboard; sourceTree = "<group>"; };
		2CAC52C91FFFF9D2007F9E1F /* Assets.xcassets */ = {isa = PBXFileReference; lastKnownFileType = folder.assetcatalog; path = Assets.xcassets; sourceTree = "<group>"; };
		2CAC52CC1FFFF9D2007F9E1F /* Base */ = {isa = PBXFileReference; lastKnownFileType = file.storyboard; name = Base; path = Base.lproj/LaunchScreen.storyboard; sourceTree = "<group>"; };
		2CAC52CE1FFFF9D2007F9E1F /* Info.plist */ = {isa = PBXFileReference; lastKnownFileType = text.plist.xml; path = Info.plist; sourceTree = "<group>"; };
		2CAC52D51FFFFD12007F9E1F /* Book.swift */ = {isa = PBXFileReference; fileEncoding = 4; lastKnownFileType = sourcecode.swift; name = Book.swift; path = ../../../01_BookManager/BookManager/BookManager/Book.swift; sourceTree = "<group>"; };
		2CAC52D61FFFFD12007F9E1F /* BookManager.swift */ = {isa = PBXFileReference; fileEncoding = 4; lastKnownFileType = sourcecode.swift; name = BookManager.swift; path = ../../../01_BookManager/BookManager/BookManager/BookManager.swift; sourceTree = "<group>"; };
/* End PBXFileReference section */

/* Begin PBXFrameworksBuildPhase section */
		2CAC52BC1FFFF9D2007F9E1F /* Frameworks */ = {
			isa = PBXFrameworksBuildPhase;
			buildActionMask = 2147483647;
			files = (
			);
			runOnlyForDeploymentPostprocessing = 0;
		};
/* End PBXFrameworksBuildPhase section */

/* Begin PBXGroup section */
		2CAC52B61FFFF9D2007F9E1F = {
			isa = PBXGroup;
			children = (
				2CAC52C11FFFF9D2007F9E1F /* VisualBookManager */,
				2CAC52C01FFFF9D2007F9E1F /* Products */,
			);
			sourceTree = "<group>";
		};
		2CAC52C01FFFF9D2007F9E1F /* Products */ = {
			isa = PBXGroup;
			children = (
				2CAC52BF1FFFF9D2007F9E1F /* VisualBookManager.app */,
			);
			name = Products;
			sourceTree = "<group>";
		};
		2CAC52C11FFFF9D2007F9E1F /* VisualBookManager */ = {
			isa = PBXGroup;
			children = (
				2CAC52C21FFFF9D2007F9E1F /* AppDelegate.swift */,
				2CAC52C41FFFF9D2007F9E1F /* ViewController.swift */,
				2CAC52D51FFFFD12007F9E1F /* Book.swift */,
				2CAC52D61FFFFD12007F9E1F /* BookManager.swift */,
				2CAC52C61FFFF9D2007F9E1F /* Main.storyboard */,
				2CAC52C91FFFF9D2007F9E1F /* Assets.xcassets */,
				2CAC52CB1FFFF9D2007F9E1F /* LaunchScreen.storyboard */,
				2CAC52CE1FFFF9D2007F9E1F /* Info.plist */,
			);
			path = VisualBookManager;
			sourceTree = "<group>";
		};
/* End PBXGroup section */

/* Begin PBXNativeTarget section */
		2CAC52BE1FFFF9D2007F9E1F /* VisualBookManager */ = {
			isa = PBXNativeTarget;
			buildConfigurationList = 2CAC52D11FFFF9D2007F9E1F /* Build configuration list for PBXNativeTarget "VisualBookManager" */;
			buildPhases = (
				2CAC52BB1FFFF9D2007F9E1F /* Sources */,
				2CAC52BC1FFFF9D2007F9E1F /* Frameworks */,
				2CAC52BD1FFFF9D2007F9E1F /* Resources */,
			);
			buildRules = (
			);
			dependencies = (
			);
			name = VisualBookManager;
			productName = VisualBookManager;
			productReference = 2CAC52BF1FFFF9D2007F9E1F /* VisualBookManager.app */;
			productType = "com.apple.product-type.application";
		};
/* End PBXNativeTarget section */

/* Begin PBXProject section */
		2CAC52B71FFFF9D2007F9E1F /* Project object */ = {
			isa = PBXProject;
			attributes = {
				LastSwiftUpdateCheck = 0910;
				LastUpgradeCheck = 0910;
				ORGANIZATIONNAME = "Qi Jsb";
				TargetAttributes = {
					2CAC52BE1FFFF9D2007F9E1F = {
						CreatedOnToolsVersion = 9.1;
						ProvisioningStyle = Automatic;
					};
				};
			};
			buildConfigurationList = 2CAC52BA1FFFF9D2007F9E1F /* Build configuration list for PBXProject "VisualBookManager" */;
			compatibilityVersion = "Xcode 8.0";
			developmentRegion = en;
			hasScannedForEncodings = 0;
			knownRegions = (
				en,
				Base,
			);
			mainGroup = 2CAC52B61FFFF9D2007F9E1F;
			productRefGroup = 2CAC52C01FFFF9D2007F9E1F /* Products */;
			projectDirPath = "";
			projectRoot = "";
			targets = (
				2CAC52BE1FFFF9D2007F9E1F /* VisualBookManager */,
			);
		};
/* End PBXProject section */

/* Begin PBXResourcesBuildPhase section */
		2CAC52BD1FFFF9D2007F9E1F /* Resources */ = {
			isa = PBXResourcesBuildPhase;
			buildActionMask = 2147483647;
			files = (
				2CAC52CD1FFFF9D2007F9E1F /* LaunchScreen.storyboard in Resources */,
				2CAC52CA1FFFF9D2007F9E1F /* Assets.xcassets in Resources */,
				2CAC52C81FFFF9D2007F9E1F /* Main.storyboard in Resources */,
			);
			runOnlyForDeploymentPostprocessing = 0;
		};
/* End PBXResourcesBuildPhase section */

/* Begin PBXSourcesBuildPhase section */
		2CAC52BB1FFFF9D2007F9E1F /* Sources */ = {
			isa = PBXSourcesBuildPhase;
			buildActionMask = 2147483647;
			files = (
				2CAC52D81FFFFD13007F9E1F /* Book.swift in Sources */,
				2CAC52C51FFFF9D2007F9E1F /* ViewController.swift in Sources */,
				2CAC52C31FFFF9D2007F9E1F /* AppDelegate.swift in Sources */,
				2CAC52D91FFFFD13007F9E1F /* BookManager.swift in Sources */,
			);
			runOnlyForDeploymentPostprocessing = 0;
		};
/* End PBXSourcesBuildPhase section */

/* Begin PBXVariantGroup section */
		2CAC52C61FFFF9D2007F9E1F /* Main.storyboard */ = {
			isa = PBXVariantGroup;
			children = (
				2CAC52C71FFFF9D2007F9E1F /* Base */,
			);
			name = Main.storyboard;
			sourceTree = "<group>";
		};
		2CAC52CB1FFFF9D2007F9E1F /* LaunchScreen.storyboard */ = {
			isa = PBXVariantGroup;
			children = (
				2CAC52CC1FFFF9D2007F9E1F /* Base */,
			);
			name = LaunchScreen.storyboard;
			sourceTree = "<group>";
		};
/* End PBXVariantGroup section */

/* Begin XCBuildConfiguration section */
		2CAC52CF1FFFF9D2007F9E1F /* Debug */ = {
			isa = XCBuildConfiguration;
			buildSettings = {
				ALWAYS_SEARCH_USER_PATHS = NO;
				CLANG_ANALYZER_NONNULL = YES;
				CLANG_ANALYZER_NUMBER_OBJECT_CONVERSION = YES_AGGRESSIVE;
				CLANG_CXX_LANGUAGE_STANDARD = "gnu++14";
				CLANG_CXX_LIBRARY = "libc++";
				CLANG_ENABLE_MODULES = YES;
				CLANG_ENABLE_OBJC_ARC = YES;
				CLANG_WARN_BLOCK_CAPTURE_AUTORELEASING = YES;
				CLANG_WARN_BOOL_CONVERSION = YES;
				CLANG_WARN_COMMA = YES;
				CLANG_WARN_CONSTANT_CONVERSION = YES;
				CLANG_WARN_DIRECT_OBJC_ISA_USAGE = YES_ERROR;
				CLANG_WARN_DOCUMENTATION_COMMENTS = YES;
				CLANG_WARN_EMPTY_BODY = YES;
				CLANG_WARN_ENUM_CONVERSION = YES;
				CLANG_WARN_INFINITE_RECURSION = YES;
				CLANG_WARN_INT_CONVERSION = YES;
				CLANG_WARN_NON_LITERAL_NULL_CONVERSION = YES;
				CLANG_WARN_OBJC_LITERAL_CONVERSION = YES;
				CLANG_WARN_OBJC_ROOT_CLASS = YES_ERROR;
				CLANG_WARN_RANGE_LOOP_ANALYSIS = YES;
				CLANG_WARN_STRICT_PROTOTYPES = YES;
				CLANG_WARN_SUSPICIOUS_MOVE = YES;
				CLANG_WARN_UNGUARDED_AVAILABILITY = YES_AGGRESSIVE;
				CLANG_WARN_UNREACHABLE_CODE = YES;
				CLANG_WARN__DUPLICATE_METHOD_MATCH = YES;
				CODE_SIGN_IDENTITY = "iPhone Developer";
				COPY_PHASE_STRIP = NO;
				DEBUG_INFORMATION_FORMAT = dwarf;
				ENABLE_STRICT_OBJC_MSGSEND = YES;
				ENABLE_TESTABILITY = YES;
				GCC_C_LANGUAGE_STANDARD = gnu11;
				GCC_DYNAMIC_NO_PIC = NO;
				GCC_NO_COMMON_BLOCKS = YES;
				GCC_OPTIMIZATION_LEVEL = 0;
				GCC_PREPROCESSOR_DEFINITIONS = (
					"DEBUG=1",
					"$(inherited)",
				);
				GCC_WARN_64_TO_32_BIT_CONVERSION = YES;
				GCC_WARN_ABOUT_RETURN_TYPE = YES_ERROR;
				GCC_WARN_UNDECLARED_SELECTOR = YES;
				GCC_WARN_UNINITIALIZED_AUTOS = YES_AGGRESSIVE;
				GCC_WARN_UNUSED_FUNCTION = YES;
				GCC_WARN_UNUSED_VARIABLE = YES;
				IPHONEOS_DEPLOYMENT_TARGET = 11.1;
				MTL_ENABLE_DEBUG_INFO = YES;
				ONLY_ACTIVE_ARCH = YES;
				SDKROOT = iphoneos;
				SWIFT_ACTIVE_COMPILATION_CONDITIONS = DEBUG;
				SWIFT_OPTIMIZATION_LEVEL = "-Onone";
			};
			name = Debug;
		};
		2CAC52D01FFFF9D2007F9E1F /* Release */ = {
			isa = XCBuildConfiguration;
			buildSettings = {
				ALWAYS_SEARCH_USER_PATHS = NO;
				CLANG_ANALYZER_NONNULL = YES;
				CLANG_ANALYZER_NUMBER_OBJECT_CONVERSION = YES_AGGRESSIVE;
				CLANG_CXX_LANGUAGE_STANDARD = "gnu++14";
				CLANG_CXX_LIBRARY = "libc++";
				CLANG_ENABLE_MODULES = YES;
				CLANG_ENABLE_OBJC_ARC = YES;
				CLANG_WARN_BLOCK_CAPTURE_AUTORELEASING = YES;
				CLANG_WARN_BOOL_CONVERSION = YES;
				CLANG_WARN_COMMA = YES;
				CLANG_WARN_CONSTANT_CONVERSION = YES;
				CLANG_WARN_DIRECT_OBJC_ISA_USAGE = YES_ERROR;
				CLANG_WARN_DOCUMENTATION_COMMENTS = YES;
				CLANG_WARN_EMPTY_BODY = YES;
				CLANG_WARN_ENUM_CONVERSION = YES;
				CLANG_WARN_INFINITE_RECURSION = YES;
				CLANG_WARN_INT_CONVERSION = YES;
				CLANG_WARN_NON_LITERAL_NULL_CONVERSION = YES;
				CLANG_WARN_OBJC_LITERAL_CONVERSION = YES;
				CLANG_WARN_OBJC_ROOT_CLASS = YES_ERROR;
				CLANG_WARN_RANGE_LOOP_ANALYSIS = YES;
				CLANG_WARN_STRICT_PROTOTYPES = YES;
				CLANG_WARN_SUSPICIOUS_MOVE = YES;
				CLANG_WARN_UNGUARDED_AVAILABILITY = YES_AGGRESSIVE;
				CLANG_WARN_UNREACHABLE_CODE = YES;
				CLANG_WARN__DUPLICATE_METHOD_MATCH = YES;
				CODE_SIGN_IDENTITY = "iPhone Developer";
				COPY_PHASE_STRIP = NO;
				DEBUG_INFORMATION_FORMAT = "dwarf-with-dsym";
				ENABLE_NS_ASSERTIONS = NO;
				ENABLE_STRICT_OBJC_MSGSEND = YES;
				GCC_C_LANGUAGE_STANDARD = gnu11;
				GCC_NO_COMMON_BLOCKS = YES;
				GCC_WARN_64_TO_32_BIT_CONVERSION = YES;
				GCC_WARN_ABOUT_RETURN_TYPE = YES_ERROR;
				GCC_WARN_UNDECLARED_SELECTOR = YES;
				GCC_WARN_UNINITIALIZED_AUTOS = YES_AGGRESSIVE;
				GCC_WARN_UNUSED_FUNCTION = YES;
				GCC_WARN_UNUSED_VARIABLE = YES;
				IPHONEOS_DEPLOYMENT_TARGET = 11.1;
				MTL_ENABLE_DEBUG_INFO = NO;
				SDKROOT = iphoneos;
				SWIFT_OPTIMIZATION_LEVEL = "-Owholemodule";
				VALIDATE_PRODUCT = YES;
			};
			name = Release;
		};
		2CAC52D21FFFF9D2007F9E1F /* Debug */ = {
			isa = XCBuildConfiguration;
			buildSettings = {
				ASSETCATALOG_COMPILER_APPICON_NAME = AppIcon;
				CODE_SIGN_STYLE = Automatic;
				INFOPLIST_FILE = VisualBookManager/Info.plist;
				LD_RUNPATH_SEARCH_PATHS = "$(inherited) @executable_path/Frameworks";
				PRODUCT_BUNDLE_IDENTIFIER = com.qijsb.VisualBookManager;
				PRODUCT_NAME = "$(TARGET_NAME)";
				SWIFT_VERSION = 4.0;
				TARGETED_DEVICE_FAMILY = "1,2";
			};
			name = Debug;
		};
		2CAC52D31FFFF9D2007F9E1F /* Release */ = {
			isa = XCBuildConfiguration;
			buildSettings = {
				ASSETCATALOG_COMPILER_APPICON_NAME = AppIcon;
				CODE_SIGN_STYLE = Automatic;
				INFOPLIST_FILE = VisualBookManager/Info.plist;
				LD_RUNPATH_SEARCH_PATHS = "$(inherited) @executable_path/Frameworks";
				PRODUCT_BUNDLE_IDENTIFIER = com.qijsb.VisualBookManager;
				PRODUCT_NAME = "$(TARGET_NAME)";
				SWIFT_VERSION = 4.0;
				TARGETED_DEVICE_FAMILY = "1,2";
			};
			name = Release;
		};
/* End XCBuildConfiguration section */

/* Begin XCConfigurationList section */
		2CAC52BA1FFFF9D2007F9E1F /* Build configuration list for PBXProject "VisualBookManager" */ = {
			isa = XCConfigurationList;
			buildConfigurations = (
				2CAC52CF1FFFF9D2007F9E1F /* Debug */,
				2CAC52D01FFFF9D2007F9E1F /* Release */,
			);
			defaultConfigurationIsVisible = 0;
			defaultConfigurationName = Release;
		};
		2CAC52D11FFFF9D2007F9E1F /* Build configuration list for PBXNativeTarget "VisualBookManager" */ = {
			isa = XCConfigurationList;
			buildConfigurations = (
				2CAC52D21FFFF9D2007F9E1F /* Debug */,
				2CAC52D31FFFF9D2007F9E1F /* Release */,
			);
			defaultConfigurationIsVisible = 0;
			defaultConfigurationName = Release;
		};
/* End XCConfigurationList section */
	};
	rootObject = 2CAC52B71FFFF9D2007F9E1F /* Project object */;
}
